
Microsoft Visual Studio Solution File, Format Version 12.00
# Visual Studio Version 16
VisualStudioVersion = 16.0.29409.12
MinimumVisualStudioVersion = 10.0.40219.1
Project("{9A19103F-16F7-4668-BE54-9A1E7A4F7556}") = "GetRelatedPostsByTag", "GetRelatedPostsByTag\GetRelatedPostsByTag.csproj", "{35ECEDA3-1854-4AA3-AC81-B78421149607}"
EndProject
Project("{9A19103F-16F7-4668-BE54-9A1E7A4F7556}") = "GetRelatedPostsByTag.Tests", "GetRelatedPostsByTag.Tests\GetRelatedPostsByTag.Tests.csproj", "{7F372E13-028C-4763-AB6B-AF87D2B2086E}"
EndProject
Global
	GlobalSection(SolutionConfigurationPlatforms) = preSolution
		Debug|Any CPU = Debug|Any CPU
		Release|Any CPU = Release|Any CPU
	EndGlobalSection
	GlobalSection(ProjectConfigurationPlatforms) = postSolution
		{35ECEDA3-1854-4AA3-AC81-B78421149607}.Debug|Any CPU.ActiveCfg = Debug|Any CPU
		{35ECEDA3-1854-4AA3-AC81-B78421149607}.Debug|Any CPU.Build.0 = Debug|Any CPU
		{35ECEDA3-1854-4AA3-AC81-B78421149607}.Release|Any CPU.ActiveCfg = Release|Any CPU
		{35ECEDA3-1854-4AA3-AC81-B78421149607}.Release|Any CPU.Build.0 = Release|Any CPU
		{7F372E13-028C-4763-AB6B-AF87D2B2086E}.Debug|Any CPU.ActiveCfg = Debug|Any CPU
		{7F372E13-028C-4763-AB6B-AF87D2B2086E}.Debug|Any CPU.Build.0 = Debug|Any CPU
		{7F372E13-028C-4763-AB6B-AF87D2B2086E}.Release|Any CPU.ActiveCfg = Release|Any CPU
		{7F372E13-028C-4763-AB6B-AF87D2B2086E}.Release|Any CPU.Build.0 = Release|Any CPU
	EndGlobalSection
	GlobalSection(SolutionProperties) = preSolution
		HideSolutionNode = FALSE
	EndGlobalSection
	GlobalSection(ExtensibilityGlobals) = postSolution
		SolutionGuid = {A60C6E9C-CEAE-458B-B8F9-AF9A934D9804}
	EndGlobalSection
EndGlobal
